{
  "name": "toytype",
  "version": "1.0.0",
  "lockfileVersion": 3,
  "requires": true,
  "packages": {
    "": {
      "name": "toytype",
      "version": "1.0.0",
      "dependencies": {
        "garu-ko": "^0.9.8"
      }
    },
    "node_modules/garu-ko": {
      "version": "0.9.8",
      "resolved": "https://registry.npmjs.org/garu-ko/-/garu-ko-0.9.8.tgz",
      "integrity": "sha512-lzJ53wIdCR0DceeNjYRvj1hxsobzRSPa7BOrcimUafGxGMKpNrIX+4AUlfcad3fRi3FZE9ykrJkxwTVtGmkYuQ==",
      "license": "MIT"
    }
  }
}
